
Microsoft Visual Studio Solution File, Format Version 12.00
# Visual Studio 2013
VisualStudioVersion = 12.0.31101.0
MinimumVisualStudioVersion = 10.0.40219.1
Project("{2150E333-8FDC-42A3-9474-1A3956D46DE8}") = "XML Index Files", "XML Index Files", "{A26671B1-FE12-4B02-A86C-B3879BD63905}"
	ProjectSection(SolutionItems) = preProject
		RealmData\playerIndex.xml = RealmData\playerIndex.xml
	EndProjectSection
EndProject
Project("{FAE04EC0-301F-11D3-BF4B-00C04F79EFBC}") = "PassGen", "PassGen\PassGen.csproj", "{BF1FD352-BFC2-4488-AFEA-CB261F8C39F7}"
EndProject
Project("{FAE04EC0-301F-11D3-BF4B-00C04F79EFBC}") = "GunchoSvc", "GunchoSvc\GunchoSvc.csproj", "{36451BCF-514B-4EA3-A567-75BFE4914BAA}"
EndProject
Project("{FAE04EC0-301F-11D3-BF4B-00C04F79EFBC}") = "GunchoConsole", "GunchoConsole\GunchoConsole.csproj", "{C0730C2D-94C8-4A2B-B702-C69FC93FB97B}"
EndProject
Project("{FAE04EC0-301F-11D3-BF4B-00C04F79EFBC}") = "Guncho.Core", "Guncho.Core\Guncho.Core.csproj", "{358595AD-6D80-4BC2-90DA-6390CAFBE0AA}"
	ProjectSection(ProjectDependencies) = postProject
		{566757E1-9BE4-4086-9BE8-02C914E01062} = {566757E1-9BE4-4086-9BE8-02C914E01062}
	EndProjectSection
EndProject
Project("{FAE04EC0-301F-11D3-BF4B-00C04F79EFBC}") = "Guncho.Site", "Guncho.Site\Guncho.Site.csproj", "{566757E1-9BE4-4086-9BE8-02C914E01062}"
EndProject
Project("{2150E333-8FDC-42A3-9474-1A3956D46DE8}") = "Solution Items", "Solution Items", "{99324823-78CB-4BD5-A14B-D6811F1796AF}"
	ProjectSection(SolutionItems) = preProject
		WebEssentials-Settings.json = WebEssentials-Settings.json
	EndProjectSection
EndProject
Global
	GlobalSection(SolutionConfigurationPlatforms) = preSolution
		Debug|Any CPU = Debug|Any CPU
		Release|Any CPU = Release|Any CPU
	EndGlobalSection
	GlobalSection(ProjectConfigurationPlatforms) = postSolution
		{BF1FD352-BFC2-4488-AFEA-CB261F8C39F7}.Debug|Any CPU.ActiveCfg = Debug|Any CPU
		{BF1FD352-BFC2-4488-AFEA-CB261F8C39F7}.Debug|Any CPU.Build.0 = Debug|Any CPU
		{BF1FD352-BFC2-4488-AFEA-CB261F8C39F7}.Release|Any CPU.ActiveCfg = Release|Any CPU
		{BF1FD352-BFC2-4488-AFEA-CB261F8C39F7}.Release|Any CPU.Build.0 = Release|Any CPU
		{36451BCF-514B-4EA3-A567-75BFE4914BAA}.Debug|Any CPU.ActiveCfg = Debug|Any CPU
		{36451BCF-514B-4EA3-A567-75BFE4914BAA}.Debug|Any CPU.Build.0 = Debug|Any CPU
		{36451BCF-514B-4EA3-A567-75BFE4914BAA}.Release|Any CPU.ActiveCfg = Release|Any CPU
		{36451BCF-514B-4EA3-A567-75BFE4914BAA}.Release|Any CPU.Build.0 = Release|Any CPU
		{C0730C2D-94C8-4A2B-B702-C69FC93FB97B}.Debug|Any CPU.ActiveCfg = Debug|Any CPU
		{C0730C2D-94C8-4A2B-B702-C69FC93FB97B}.Debug|Any CPU.Build.0 = Debug|Any CPU
		{C0730C2D-94C8-4A2B-B702-C69FC93FB97B}.Release|Any CPU.ActiveCfg = Release|Any CPU
		{C0730C2D-94C8-4A2B-B702-C69FC93FB97B}.Release|Any CPU.Build.0 = Release|Any CPU
		{358595AD-6D80-4BC2-90DA-6390CAFBE0AA}.Debug|Any CPU.ActiveCfg = Debug|Any CPU
		{358595AD-6D80-4BC2-90DA-6390CAFBE0AA}.Debug|Any CPU.Build.0 = Debug|Any CPU
		{358595AD-6D80-4BC2-90DA-6390CAFBE0AA}.Release|Any CPU.ActiveCfg = Release|Any CPU
		{358595AD-6D80-4BC2-90DA-6390CAFBE0AA}.Release|Any CPU.Build.0 = Release|Any CPU
		{566757E1-9BE4-4086-9BE8-02C914E01062}.Debug|Any CPU.ActiveCfg = Debug|Any CPU
		{566757E1-9BE4-4086-9BE8-02C914E01062}.Debug|Any CPU.Build.0 = Debug|Any CPU
		{566757E1-9BE4-4086-9BE8-02C914E01062}.Release|Any CPU.ActiveCfg = Release|Any CPU
		{566757E1-9BE4-4086-9BE8-02C914E01062}.Release|Any CPU.Build.0 = Release|Any CPU
	EndGlobalSection
	GlobalSection(SolutionProperties) = preSolution
		HideSolutionNode = FALSE
	EndGlobalSection
EndGlobal
