<Solution>
  <Configurations>
    <Platform Name="Any CPU" />
    <Platform Name="x64" />
    <Platform Name="x86" />
  </Configurations>
  <Project Path="Guncho.Client/Guncho.Client.csproj" />
  <Project Path="Guncho.Engine.Tests/Guncho.Engine.Tests.csproj" />
  <Project Path="Guncho.Engine/Guncho.Engine.csproj" />
  <Project Path="Guncho.Shared/Guncho.Shared.csproj" />
  <Project Path="Guncho.WebHost.Tests/Guncho.WebHost.Tests.csproj" />
  <Project Path="Guncho.WebHost/Guncho.WebHost.csproj" />
</Solution>
